
Microsoft Visual Studio Solution File, Format Version 12.00
# Visual Studio 15
VisualStudioVersion = 15.0.28307.645
MinimumVisualStudioVersion = 10.0.40219.1
Project("{FAE04EC0-301F-11D3-BF4B-00C04F79EFBC}") = "webMIPRES", "webMIPRES\webMIPRES.csproj", "{A2DDDB4E-34E5-43CC-8792-D3351DF07319}"
EndProject
Project("{FAE04EC0-301F-11D3-BF4B-00C04F79EFBC}") = "BliblioMVCSiesa", "BliblioMVCSiesa\BliblioMVCSiesa.csproj", "{D0048735-12A2-4F52-8CA4-B59BCD0BC516}"
EndProject
Project("{FAE04EC0-301F-11D3-BF4B-00C04F79EFBC}") = "BiblioInterfazSiesa", "BiblioInterfazSiesa\BiblioInterfazSiesa.csproj", "{B4A792D9-393F-4D33-A34F-CA48EC47E3FF}"
EndProject
Global
	GlobalSection(SolutionConfigurationPlatforms) = preSolution
		Debug|Any CPU = Debug|Any CPU
		Release|Any CPU = Release|Any CPU
	EndGlobalSection
	GlobalSection(ProjectConfigurationPlatforms) = postSolution
		{A2DDDB4E-34E5-43CC-8792-D3351DF07319}.Debug|Any CPU.ActiveCfg = Debug|Any CPU
		{A2DDDB4E-34E5-43CC-8792-D3351DF07319}.Debug|Any CPU.Build.0 = Debug|Any CPU
		{A2DDDB4E-34E5-43CC-8792-D3351DF07319}.Release|Any CPU.ActiveCfg = Release|Any CPU
		{A2DDDB4E-34E5-43CC-8792-D3351DF07319}.Release|Any CPU.Build.0 = Release|Any CPU
		{D0048735-12A2-4F52-8CA4-B59BCD0BC516}.Debug|Any CPU.ActiveCfg = Debug|Any CPU
		{D0048735-12A2-4F52-8CA4-B59BCD0BC516}.Debug|Any CPU.Build.0 = Debug|Any CPU
		{D0048735-12A2-4F52-8CA4-B59BCD0BC516}.Release|Any CPU.ActiveCfg = Release|Any CPU
		{D0048735-12A2-4F52-8CA4-B59BCD0BC516}.Release|Any CPU.Build.0 = Release|Any CPU
		{B4A792D9-393F-4D33-A34F-CA48EC47E3FF}.Debug|Any CPU.ActiveCfg = Debug|Any CPU
		{B4A792D9-393F-4D33-A34F-CA48EC47E3FF}.Debug|Any CPU.Build.0 = Debug|Any CPU
		{B4A792D9-393F-4D33-A34F-CA48EC47E3FF}.Release|Any CPU.ActiveCfg = Release|Any CPU
		{B4A792D9-393F-4D33-A34F-CA48EC47E3FF}.Release|Any CPU.Build.0 = Release|Any CPU
	EndGlobalSection
	GlobalSection(SolutionProperties) = preSolution
		HideSolutionNode = FALSE
	EndGlobalSection
	GlobalSection(ExtensibilityGlobals) = postSolution
		SolutionGuid = {8060AC7F-1D3F-4A33-880D-BB13926E5A37}
	EndGlobalSection
EndGlobal
